
Microsoft Visual Studio Solution File, Format Version 12.00
# Visual Studio Version 16
VisualStudioVersion = 16.0.29613.14
MinimumVisualStudioVersion = 10.0.40219.1
Project("{FAE04EC0-301F-11D3-BF4B-00C04F79EFBC}") = "BulletJournalBackend", "BulletJournalBackend\BulletJournalBackend.csproj", "{ED96B9DF-0249-4255-982D-EFE2DE22DF4A}"
EndProject
Global
	GlobalSection(SolutionConfigurationPlatforms) = preSolution
		Debug|Any CPU = Debug|Any CPU
		Release|Any CPU = Release|Any CPU
	EndGlobalSection
	GlobalSection(ProjectConfigurationPlatforms) = postSolution
		{ED96B9DF-0249-4255-982D-EFE2DE22DF4A}.Debug|Any CPU.ActiveCfg = Debug|Any CPU
		{ED96B9DF-0249-4255-982D-EFE2DE22DF4A}.Debug|Any CPU.Build.0 = Debug|Any CPU
		{ED96B9DF-0249-4255-982D-EFE2DE22DF4A}.Release|Any CPU.ActiveCfg = Release|Any CPU
		{ED96B9DF-0249-4255-982D-EFE2DE22DF4A}.Release|Any CPU.Build.0 = Release|Any CPU
	EndGlobalSection
	GlobalSection(SolutionProperties) = preSolution
		HideSolutionNode = FALSE
	EndGlobalSection
	GlobalSection(ExtensibilityGlobals) = postSolution
		SolutionGuid = {19613CF9-5F0F-4238-AAD9-F6D6A1DA204E}
	EndGlobalSection
EndGlobal
